
Microsoft Visual Studio Solution File, Format Version 12.00
# Visual Studio Version 16
VisualStudioVersion = 16.0.32228.343
MinimumVisualStudioVersion = 10.0.40219.1
Project("{FAE04EC0-301F-11D3-BF4B-00C04F79EFBC}") = "Lab3-NguyenPhuocCanhHao", "Lab3-NguyenPhuocCanhHao\Lab3-NguyenPhuocCanhHao.csproj", "{BC331C72-C3CC-4667-8EA8-F26BF68C7D45}"
EndProject
Global
	GlobalSection(SolutionConfigurationPlatforms) = preSolution
		Debug|Any CPU = Debug|Any CPU
		Release|Any CPU = Release|Any CPU
	EndGlobalSection
	GlobalSection(ProjectConfigurationPlatforms) = postSolution
		{BC331C72-C3CC-4667-8EA8-F26BF68C7D45}.Debug|Any CPU.ActiveCfg = Debug|Any CPU
		{BC331C72-C3CC-4667-8EA8-F26BF68C7D45}.Debug|Any CPU.Build.0 = Debug|Any CPU
		{BC331C72-C3CC-4667-8EA8-F26BF68C7D45}.Release|Any CPU.ActiveCfg = Release|Any CPU
		{BC331C72-C3CC-4667-8EA8-F26BF68C7D45}.Release|Any CPU.Build.0 = Release|Any CPU
	EndGlobalSection
	GlobalSection(SolutionProperties) = preSolution
		HideSolutionNode = FALSE
	EndGlobalSection
	GlobalSection(ExtensibilityGlobals) = postSolution
		SolutionGuid = {0AC3E67E-EBDA-409C-9BCD-50E3C5D20C3D}
	EndGlobalSection
EndGlobal
